
Microsoft Visual Studio Solution File, Format Version 12.00
# Visual Studio Version 17
VisualStudioVersion = 17.8.34525.116
MinimumVisualStudioVersion = 10.0.40219.1
Project("{FAE04EC0-301F-11D3-BF4B-00C04F79EFBC}") = "S6L1", "S6L1.csproj", "{3501C21F-8DBA-48D7-A47B-FCE183E8DE2A}"
EndProject
Global
	GlobalSection(SolutionConfigurationPlatforms) = preSolution
		Debug|Any CPU = Debug|Any CPU
		Release|Any CPU = Release|Any CPU
	EndGlobalSection
	GlobalSection(ProjectConfigurationPlatforms) = postSolution
		{3501C21F-8DBA-48D7-A47B-FCE183E8DE2A}.Debug|Any CPU.ActiveCfg = Debug|Any CPU
		{3501C21F-8DBA-48D7-A47B-FCE183E8DE2A}.Debug|Any CPU.Build.0 = Debug|Any CPU
		{3501C21F-8DBA-48D7-A47B-FCE183E8DE2A}.Release|Any CPU.ActiveCfg = Release|Any CPU
		{3501C21F-8DBA-48D7-A47B-FCE183E8DE2A}.Release|Any CPU.Build.0 = Release|Any CPU
	EndGlobalSection
	GlobalSection(SolutionProperties) = preSolution
		HideSolutionNode = FALSE
	EndGlobalSection
	GlobalSection(ExtensibilityGlobals) = postSolution
		SolutionGuid = {3E9BE0A3-348D-4DED-B26E-FE7036496E2D}
	EndGlobalSection
EndGlobal
